
Microsoft Visual Studio Solution File, Format Version 12.00
# Visual Studio Version 16
VisualStudioVersion = 16.0.31129.286
MinimumVisualStudioVersion = 10.0.40219.1
Project("{FAE04EC0-301F-11D3-BF4B-00C04F79EFBC}") = "Calculadora_matrices", "Calculadora_matrices\Calculadora_matrices.csproj", "{7B0E96FD-7FB1-4029-A3CD-A125B6D8B774}"
EndProject
Global
	GlobalSection(SolutionConfigurationPlatforms) = preSolution
		Debug|Any CPU = Debug|Any CPU
		Release|Any CPU = Release|Any CPU
	EndGlobalSection
	GlobalSection(ProjectConfigurationPlatforms) = postSolution
		{7B0E96FD-7FB1-4029-A3CD-A125B6D8B774}.Debug|Any CPU.ActiveCfg = Debug|Any CPU
		{7B0E96FD-7FB1-4029-A3CD-A125B6D8B774}.Debug|Any CPU.Build.0 = Debug|Any CPU
		{7B0E96FD-7FB1-4029-A3CD-A125B6D8B774}.Release|Any CPU.ActiveCfg = Release|Any CPU
		{7B0E96FD-7FB1-4029-A3CD-A125B6D8B774}.Release|Any CPU.Build.0 = Release|Any CPU
	EndGlobalSection
	GlobalSection(SolutionProperties) = preSolution
		HideSolutionNode = FALSE
	EndGlobalSection
	GlobalSection(ExtensibilityGlobals) = postSolution
		SolutionGuid = {8FE8D6F4-6BA2-47CD-8462-556EDBF30FED}
	EndGlobalSection
EndGlobal
